lockfileVersion: '9.0'

settings:
  autoInstallPeers: true
  excludeLinksFromLockfile: false

importers:

  .:
    dependencies:
      '@deepseek-ai/dsh-api-remotes':
        specifier: '>=0.2.0-rc.2'
        version: 0.2.0-rc.2(@deepseek-ai/cordis@4.0.4)(@deepseek-ai/dsh-scope@0.2.0-rc.2(@deepseek-ai/cordis@4.0.4)(@deepseek-ai/dsh-invariants@0.2.0-rc.2(@deepseek-ai/cordis@4.0.4)))
      '@deepseek-ai/dsh-client-locale':
        specifier: '>=0.2.0-rc.2'
        version: 0.2.0-rc.2(@deepseek-ai/cordis@4.0.4)
      '@deepseek-ai/dsh-client-ui-plugin-manager':
        specifier: '>=0.2.0-rc.2'
        version: 0.2.0-rc.2(@deepseek-ai/cordis@4.0.4)
      '@deepseek-ai/dsh-client-ui-primitives':
        specifier: '>=0.2.0-rc.2'
        version: 0.2.0-rc.2(@deepseek-ai/cordis@4.0.4)
      '@deepseek-ai/dsh-client-ui-settings':
        specifier: '>=0.2.0-rc.2'
        version: 0.2.0-rc.2(@deepseek-ai/cordis@4.0.4)
      '@deepseek-ai/dsh-client-ui-slots':
        specifier: '>=0.2.0-rc.2'
        version: 0.2.0-rc.2(@deepseek-ai/cordis@4.0.4)
      '@deepseek-ai/dsh-credentials':
        specifier: '>=0.2.0-rc.2'
        version: 0.2.0-rc.2(@deepseek-ai/cordis@4.0.4)(@deepseek-ai/dsh-invariants@0.2.0-rc.2(@deepseek-ai/cordis@4.0.4))
      '@deepseek-ai/dsh-launch-environment':
        specifier: '>=0.2.0-rc.2'
        version: 0.2.0-rc.2(@deepseek-ai/cordis@4.0.4)
      '@deepseek-ai/dsh-settings':
        specifier: '>=0.2.0-rc.2'
        version: 0.2.0-rc.2(8df84a0faeafb68bbfef3004e049f730)
      '@deepseek-ai/dsh-web':
        specifier: '>=0.2.0-rc.2'
        version: 0.2.0-rc.2(@deepseek-ai/cordis@4.0.4)(@deepseek-ai/dsh-llm@0.2.0-rc.2(@deepseek-ai/cordis@4.0.4))
      '@deepseek-ai/schemastery':
        specifier: ^3.18.4
        version: 3.18.4
      zustand:
        specifier: 5.0.15
        version: 5.0.15(immer@10.2.0)(react@18.3.1)
    devDependencies:
      immer:
        specifier: 10.2.0
        version: 10.2.0
      react:
        specifier: 18.3.1
        version: 18.3.1

packages:

  '@deepseek-ai/cordis-plugin-group@1.0.4':
    resolution: {integrity: sha512-/7tuY5pMQetHava4v6QUeOa4CwZA+mleNvbIoj+iqEmzkYUtlXbLqhzJIcbnDa/Hxgr1jaCwROrI77nuLyeCFg==}
    peerDependencies:
      '@deepseek-ai/cordis': ~4.0.4
      '@deepseek-ai/cordis-plugin-loader': ~1.0.5

  '@deepseek-ai/cordis-plugin-include@1.0.9':
    resolution: {integrity: sha512-Xmekm7u5Kpeym6nABL4T1/Mg6aQYFZxsipB0WycmCctvX1DqAv8nCFwRmg2XMx/f7EbZgNEbXQwJfabcMu8zxQ==}
    peerDependencies:
      '@deepseek-ai/cordis': ~4.0.4
      '@deepseek-ai/cordis-plugin-loader': ~1.0.5

  '@deepseek-ai/cordis-plugin-loader@1.0.5':
    resolution: {integrity: sha512-200huL2ttWcjyeYllvPYn+qMR7I89qy8MhZasbHltPzB/KMrSfsyoCYKdCGc5KqPGj5iJugcmibQzjINMO9I+Q==}
    peerDependencies:
      '@deepseek-ai/cordis': ~4.0.4
      node-addon-require-builtin: ^0.1.6
    peerDependenciesMeta:
      node-addon-require-builtin:
        optional: true

  '@deepseek-ai/cordis@4.0.4':
    resolution: {integrity: sha512-obgyxqWAmFn3Re8kvsuUnyW+ihrz6eJCnJO4fh1cQzDtmPYz/zzVeUkH9R94I0OwSVOocK67Kgakm04j/oQXzg==}
    hasBin: true
    peerDependencies:
      '@deepseek-ai/cordis-plugin-include': ~1.0.9
      '@deepseek-ai/cordis-plugin-loader': ~1.0.5
    peerDependenciesMeta:
      '@deepseek-ai/cordis-plugin-include':
        optional: true
      '@deepseek-ai/cordis-plugin-loader':
        optional: true

  '@deepseek-ai/cosmokit@1.8.5':
    resolution: {integrity: sha512-LXsrlem9z8dq4sLflj2yuCuYX7KqhdzF5hZly3eZyuTo8d6oDSOXuEgC5DbQWKW+lksm6zmOutQLsP/ma6wR6A==}

  '@deepseek-ai/dsh-api-remotes@0.2.0-rc.2':
    resolution: {integrity: sha512-mfDctTtpM26rS5O0upviPofuyiiNCkaSgRifc5wgaCiBPJ5rG1FE2lxMQSfUiBASs7s+xXR5JVZlDrrZCzYTLg==}
    peerDependencies:
      '@deepseek-ai/cordis': ~4.0.4
      '@deepseek-ai/dsh-scope': 0.2.0-rc.2

  '@deepseek-ai/dsh-app-boot@0.2.0-rc.2':
    resolution: {integrity: sha512-WvgNhBHSj85Z7u9vC1oQr9C7yZQ/L/JS+eVK4bueWEkaoqdEna504V5bi7qtWXxAz5JkeVZTy1sX86p8XG7LJg==}
    peerDependencies:
      '@deepseek-ai/cordis': ~4.0.4
      '@deepseek-ai/cordis-plugin-group': ~1.0.4
      '@deepseek-ai/cordis-plugin-include': ~1.0.9
      '@deepseek-ai/cordis-plugin-loader': ~1.0.5
      '@deepseek-ai/dsh-home-paths': 0.2.0-rc.2
      '@deepseek-ai/dsh-launch-environment': 0.2.0-rc.2
      '@deepseek-ai/dsh-system-prompt': 0.2.0-rc.2

  '@deepseek-ai/dsh-atomic-write@0.2.0-rc.2':
    resolution: {integrity: sha512-CezxdPmADDnOyG/ed9R18In/NifnLgu8hfJEjTBKxd7kbu0XXenyqnk25jeWD6bJYwu8AWAwcpVFuf438EJPJA==}
    peerDependencies:
      '@deepseek-ai/cordis': ~4.0.4

  '@deepseek-ai/dsh-brand@0.2.0-rc.2':
    resolution: {integrity: sha512-A5XlN4tIgP0qObkYFhcZ7Oz/tM2oESEZqLwS0Qq+sM1ivGx6o4AMPgJdfKQlwLzqk0cMLNtAaVBHfiYoElt4lw==}
    peerDependencies:
      '@deepseek-ai/cordis': ~4.0.4

  '@deepseek-ai/dsh-client-locale@0.2.0-rc.2':
    resolution: {integrity: sha512-JdZPMv/8hLOQNxHk1dM6YbNbChB5S6lGaGAPtraP0670i9Tb4dX+yKOAUgkS7nSoO5TYZztXgI1kgcEregRPJA==}
    peerDependencies:
      '@deepseek-ai/cordis': ~4.0.4

  '@deepseek-ai/dsh-client-ui-plugin-manager@0.2.0-rc.2':
    resolution: {integrity: sha512-AncAiGUMawllpfnqirmABN7KXwmVEhu0E8ClJvfsLDhEd2oazZ6nk2nUPHHPu1tVKq+e8IbiTHqwpnlDR7mPUA==}
    peerDependencies:
      '@deepseek-ai/cordis': ~4.0.4

  '@deepseek-ai/dsh-client-ui-primitives@0.2.0-rc.2':
    resolution: {integrity: sha512-Zx/MRT8NH6rYEvPnk4FQaHrADM6Dh1PQCprieqdvKj6yFhD/CJUVjSN08suGF6FPQekfVTJtS0WxY1XbQ5Ed9Q==}
    peerDependencies:
      '@deepseek-ai/cordis': ~4.0.4

  '@deepseek-ai/dsh-client-ui-settings@0.2.0-rc.2':
    resolution: {integrity: sha512-Kyho8FvRGYb7Ok1t7T429d4Dj/XF8+tE/+MX6T1s41RkXCe7v0sP89i4DUMo6OeUxyE+/uGoAVa5QZXY4O/y+g==}
    peerDependencies:
      '@deepseek-ai/cordis': ~4.0.4

  '@deepseek-ai/dsh-client-ui-slots@0.2.0-rc.2':
    resolution: {integrity: sha512-zfILCyG3ijHT7S8+WDXFz4RMxBJtG9A3ngtDBnqcLbD5wzKz8H7E+HC657USa6RgG13C2RGSs73sfKcSs4WtWQ==}
    peerDependencies:
      '@deepseek-ai/cordis': ~4.0.4

  '@deepseek-ai/dsh-config-editor@0.2.0-rc.2':
    resolution: {integrity: sha512-LG/4EyMMBEwcUAsewqn9+6m9+mFeXVGaze0gaz3YOO/bCnJRI/2f4iuejsk/n+yMI9CNczOaIfWT5b3s7zyhfA==}
    peerDependencies:
      '@deepseek-ai/cordis': ~4.0.4
      '@deepseek-ai/cordis-plugin-include': ~1.0.9
      '@deepseek-ai/cordis-plugin-loader': ~1.0.5
      '@deepseek-ai/dsh-app-boot': 0.2.0-rc.2
      '@deepseek-ai/dsh-hmr': 0.2.0-rc.2
    peerDependenciesMeta:
      '@deepseek-ai/dsh-hmr':
        optional: true

  '@deepseek-ai/dsh-credentials@0.2.0-rc.2':
    resolution: {integrity: sha512-TQlvP0jxXYGy1ZNzh4nVsiCzb8FR9iGarD6BfIZ3LwJC8lDtjSxQHWE8//NYjpn10TIMxmaR4s6niHuJ3JkTOw==}
    peerDependencies:
      '@deepseek-ai/cordis': ~4.0.4
      '@deepseek-ai/dsh-invariants': 0.2.0-rc.2

  '@deepseek-ai/dsh-deque@0.2.0-rc.2':
    resolution: {integrity: sha512-XwZvafZAxyDm2TRnQetEizuczZ1UG7RhO8vmmIUbAdjbRbMA15NOTlJ3d24uw+I8gcSKKkmWl/jwoKYKl/qo/A==}
    peerDependencies:
      '@deepseek-ai/cordis': ~4.0.4

  '@deepseek-ai/dsh-home-paths@0.2.0-rc.2':
    resolution: {integrity: sha512-n4O5C9pNIVWbBklB5RzSTc3kr9hmUnDlZ6Leqj3TIk+CO593DTAmDGTt0rHMQe8H+1Ur+Jqj9Hqgsug/WRkkvQ==}
    peerDependencies:
      '@deepseek-ai/cordis': ~4.0.4

  '@deepseek-ai/dsh-invariants@0.2.0-rc.2':
    resolution: {integrity: sha512-QOVc0HpRsS8ekvprb45FlxieDvgR/cAMaxW289HASjMoV/U/B54FpbkHuPBw4EnTw07/sPkjx2B/23+YqE0cbg==}
    peerDependencies:
      '@deepseek-ai/cordis': ~4.0.4

  '@deepseek-ai/dsh-launch-environment@0.2.0-rc.2':
    resolution: {integrity: sha512-IyhZjJJQ7RVLcKlc4pPPjojOKrr2XCYm7VRpslFq7bvGj3DGt8WMTSCCZUWxCThY2jg6kFF1ujiTGunELfRO6Q==}
    peerDependencies:
      '@deepseek-ai/cordis': ~4.0.4

  '@deepseek-ai/dsh-llm@0.2.0-rc.2':
    resolution: {integrity: sha512-6QFrQn/h0iNqCfPpgQidnHtLSpA99A7ZND/uYKaGSd/4BGP8KBhuRd0w63e9s4u+hfW8jc3j29WKcNLIOeUfcA==}
    peerDependencies:
      '@deepseek-ai/cordis': ~4.0.4

  '@deepseek-ai/dsh-package-manifest@0.2.0-rc.2':
    resolution: {integrity: sha512-CFycoLxUT4g4w1IGjaHi/IjTzTRgnQ2PQVeHHSWoEppD+0NTZ1rHHW3ofkh74ZgQagoeo7n+91Yjl0rDGuWE3g==}
    peerDependencies:
      '@deepseek-ai/cordis': ~4.0.4

  '@deepseek-ai/dsh-scope@0.2.0-rc.2':
    resolution: {integrity: sha512-066p7Wv74GNWt4xA5Cyvl+7c/i9KrNEDALYh2/hu0VsJPLb4T9He+TY7y1bld9OgungmqyTy1n/cB2ZrVskvxA==}
    peerDependencies:
      '@deepseek-ai/cordis': ~4.0.4
      '@deepseek-ai/dsh-invariants': 0.2.0-rc.2

  '@deepseek-ai/dsh-session@0.2.0-rc.2':
    resolution: {integrity: sha512-wj+6MeqCYbDcbEvKH3puHyEGdjyu51JwBoN6Ua2tz6griLufDgLM5HpSU40L5xgpbOfrYVhXZs4vRgOrMlFY2g==}
    peerDependencies:
      '@deepseek-ai/cordis': ~4.0.4
      '@deepseek-ai/dsh-scope': 0.2.0-rc.2

  '@deepseek-ai/dsh-settings@0.2.0-rc.2':
    resolution: {integrity: sha512-Py4ZbCyady6st+h8wlsPJxrAOg9VrT1+tltymnJUiAmdnZjMADZKWec9JrB2KwUuo27R+IbibxzaYQOvnZdUkg==}
    peerDependencies:
      '@deepseek-ai/cordis': ~4.0.4
      '@deepseek-ai/dsh-brand': 0.2.0-rc.2
      '@deepseek-ai/dsh-invariants': 0.2.0-rc.2
      '@deepseek-ai/dsh-session': 0.2.0-rc.2
      '@deepseek-ai/schemastery': ~3.18.4

  '@deepseek-ai/dsh-system-prompt@0.2.0-rc.2':
    resolution: {integrity: sha512-ZZNk2gkXFV8CIT0IOZXS+pFaxNVJaRknYyH2vc4ZgZAiHKT+RqUYNr8e1F5Kp0AaN0DNlcTkjOGP5MCxeXfDjg==}
    peerDependencies:
      '@deepseek-ai/cordis': ~4.0.4
      '@deepseek-ai/dsh-invariants': 0.2.0-rc.2
      '@deepseek-ai/dsh-llm': 0.2.0-rc.2
      '@deepseek-ai/dsh-scope': 0.2.0-rc.2

  '@deepseek-ai/dsh-timeout@0.2.0-rc.2':
    resolution: {integrity: sha512-NDob8b8DJDB/sDPz3P7xhrkxOh1O9FbN1EZRKsxP4fuTfp4hrQU7aekYS5qZENFKoR8dBJMTh/zcEBw4m31glQ==}
    peerDependencies:
      '@deepseek-ai/cordis': ~4.0.4

  '@deepseek-ai/dsh-typert-protocol@0.2.0-rc.2':
    resolution: {integrity: sha512-95RvIDcVac2BWdv1IxN6yKlRV+8eEvkofqSxV+d0r8x1kx2EIWEsbdxz6C+coYIm+8e03MiN+rwOt8J7sLfe7Q==}
    peerDependencies:
      '@deepseek-ai/cordis': ~4.0.4

  '@deepseek-ai/dsh-util-crypto@0.2.0-rc.2':
    resolution: {integrity: sha512-5OvvmepY69uXTagUMlnoHqg7euI4ZMifLgfdV8xZO20OslWGGiRCkJbZRyDtcJG9GsXWz9UimfWmUu52zKXJ5w==}
    peerDependencies:
      '@deepseek-ai/cordis': ~4.0.4

  '@deepseek-ai/dsh-util-values@0.2.0-rc.2':
    resolution: {integrity: sha512-qgpsbgiZABuE9UvgNaVo9b2HiWwLeU93CTl9PFXqE0jN8ap1ALxzQsLGvr/q2MJuWDYqnFBg60XnqnY8ZxPWEg==}
    peerDependencies:
      '@deepseek-ai/cordis': ~4.0.4

  '@deepseek-ai/dsh-web@0.2.0-rc.2':
    resolution: {integrity: sha512-d44eM9mMqGnQUGsjqUc6k1G9QrC0w+TWx6Cw6I1iXJkVw5LZ/hpVVzsuCqck8GGS8+GK20kqjGUJSyomfEgd1A==}
    peerDependencies:
      '@deepseek-ai/cordis': ~4.0.4
      '@deepseek-ai/dsh-llm': 0.2.0-rc.2

  '@deepseek-ai/schemastery@3.18.4':
    resolution: {integrity: sha512-SSXO6tYuyrIqKVbmOnIq0s+riUywYzouFMcnBluHF9n4KMo2G8HvEzhCYj6pj2617/glOjbJuVInJ9hfONsjkg==}

  '@eslint-community/regexpp@4.12.2':
    resolution: {integrity: sha512-EriSTlt5OC9/7SXkRSCAhfSxxoSUgBm33OH+IkwbdpgoqsSsUg7y3uh+IICI/Qg4BBWr3U2i39RpmycbxMq4ew==}
    engines: {node: ^12.0.0 || ^14.0.0 || >=16.0.0}

  '@standard-schema/spec@1.1.0':
    resolution: {integrity: sha512-l2aFy5jALhniG5HgqrD6jXLi/rUWrKvqN/qJx6yoJsgKhblVd+iqqU4RCXavm/jPityDo5TCvKMnpjKnOriy0w==}

  ajv@8.20.0:
    resolution: {integrity: sha512-Thbli+OlOj+iMPYFBVBfJ3OmCAnaSyNn4M1vz9T6Gka5Jt9ba/HIR56joy65tY6kx/FCF5VXNB819Y7/GUrBGA==}

  argparse@2.0.1:
    resolution: {integrity: sha512-8+9WqebbFzpX9OR+Wa6O29asIogeRMzcGtAINdpMHHyAg10f05aSFVBbcEqGf/PXw1EjAZ+q2/bEBg3DvurK3Q==}

  fast-deep-equal@3.1.3:
    resolution: {integrity: sha512-f3qQ9oQy9j2AhBe/H9VC91wLmKBCCU/gDOnKNAYG5hswO7BLKj09Hc5HYNz9cGI++xlpDCIgDaitVs03ATR84Q==}

  fast-uri@3.1.8:
    resolution: {integrity: sha512-GZMtZUTNRpOVIECoXwLNZS5xUGE+mVNbTB8h/7Rwh2TFWcBQiPzTgyZi05BF9UMZKkLJv8XBRJTlU7zg8+ZfMg==}

  immer@10.2.0:
    resolution: {integrity: sha512-d/+XTN3zfODyjr89gM3mPq1WNX2B8pYsu7eORitdwyA2sBubnTl3laYlBk4sXY5FUa5qTZGBDPJICVbvqzjlbw==}

  js-tokens@4.0.0:
    resolution: {integrity: sha512-RdJUflcE3cUzKiMqQgsCu06FPu9UdIJO0beYbPhHN4k6apgJtifcoCtT9bcxOpYBtpD2kCM6Sbzg4CausW/PKQ==}

  js-yaml@4.3.2:
    resolution: {integrity: sha512-SFNOvSJ+Dgf/9An904Yx+CgSlIPCkIpao4qo51lpee25TIRejdH3rhR4EZMGoNx3/TP3O+wzWuiTFl4sqbltzA==}
    hasBin: true

  json-schema-traverse@1.0.0:
    resolution: {integrity: sha512-NM8/P9n3XjXhIZn1lLhkFaACTOURQXjWhV4BA/RnOv8xvgqtqpAX9IO4mRQxSx1Rlo4tqzeqb0sOlruaOy3dug==}

  loose-envify@1.4.0:
    resolution: {integrity: sha512-lyuxPGr/Wfhrlem2CL/UcnUc1zcqKAImBDzukY7Y5F/yQiNdko6+fRLevlw1HgMySw7f611UIY408EtxRSoK3Q==}
    hasBin: true

  node-addon-native-custom-loader@0.1.6:
    resolution: {integrity: sha512-QaW7d8lTcGCXrpNVyFDtID3vrpa7vFdpcY9pql2/9FGFSe7tcSnhQOKZX+1aOWq+pB1d2ZwNnKAdQI5nD9wAXA==}
    engines: {node: '>=20'}

  node-addon-require-builtin-darwin-arm64@0.1.6:
    resolution: {integrity: sha512-KpaAh0mDcIScoJs7gD/mjXREcENJ023/DgWW3GrlLXFVzCE6bK6wFrTFpNfnkxZZP8yWsEWOg1o5T+uQ7olgTQ==}
    engines: {node: '>=20'}
    cpu: [arm64]
    os: [darwin]

  node-addon-require-builtin-darwin-x64@0.1.6:
    resolution: {integrity: sha512-lh9o5rCvmkH8MZgBBmhyKzJRc1M1hJzgXLTFzB6iomRXNH9P1DKjN2nAJLmvGrdTij47Wcch1JVnlV5AG0cRCQ==}
    engines: {node: '>=20'}
    cpu: [x64]
    os: [darwin]

  node-addon-require-builtin-linux-arm64-gnu@0.1.6:
    resolution: {integrity: sha512-DrQA3aS1LBn4NgrewbZkzSAWdSSRPD/fYO5AkQfvriQ/TQD3E2adB012sZ5eac6p9TAcTjUIYhk395AYVxo4Zw==}
    engines: {node: '>=20'}
    cpu: [arm64]
    os: [linux]
    libc: [glibc]

  node-addon-require-builtin-linux-x64-gnu@0.1.6:
    resolution: {integrity: sha512-8wCxrFlB2Ld5DhxIm2P+nNFnQ0wjzDE5sXF68EUhLH0X+z313B07TUQFMBKCOkyhZIIBh590dBmhHCuA43No2A==}
    engines: {node: '>=20'}
    cpu: [x64]
    os: [linux]
    libc: [glibc]

  node-addon-require-builtin-win32-arm64-msvc@0.1.6:
    resolution: {integrity: sha512-NET6DiLnKrK2DHuO4NNN+zJz0CFas+RwpJlGY0d3A3A3tc5dJQqZXgw8DzLOn4cSTAQCaDq6+LbPyYX7jE2F3Q==}
    engines: {node: '>=20'}
    cpu: [arm64]
    os: [win32]

  node-addon-require-builtin-win32-ia32-msvc@0.1.6:
    resolution: {integrity: sha512-oj4G51r81kJ3E2t5KknKhBNb8TmTWzc/t9x7jkBF9JeRd+1a0kr99mVJVYwJNxq9d3jpt7dgBdI8mxaomuXOEQ==}
    engines: {node: '>=20 <23'}
    cpu: [ia32]
    os: [win32]

  node-addon-require-builtin-win32-x64-msvc@0.1.6:
    resolution: {integrity: sha512-ZQ+6thVzQBOFamW7s3t2YqHsw99EEPBNH1uAjvCx4QfnjFJTsu6I/H3prpN8i6cSt6gjnQtArfWc2LXN2ufcJQ==}
    engines: {node: '>=20'}
    cpu: [x64]
    os: [win32]

  node-addon-require-builtin@0.1.6:
    resolution: {integrity: sha512-P9ZGMDkloktirLJSggfpxsJ9jog5FItE1Omxpj50UBn3LhD6TS6/yx0jEBXsCGK3P9EtW1EpQVA1QL5gb11GaQ==}
    engines: {node: '>=20'}

  react@18.3.1:
    resolution: {integrity: sha512-wS+hAgJShR0KhEvPJArfuPVN1+Hz1t0Y6n5jLrGQbkb4urgPE/0Rve+1kMB1v/oWgHgm4WIcV+i7F2pTVj+2iQ==}
    engines: {node: '>=0.10.0'}

  require-from-string@2.0.2:
    resolution: {integrity: sha512-Xf0nWe6RseziFMu+Ap9biiUbmplq6S9/p+7w7YXP/JBHhrUDDUhwa+vANyubuqfZWTveU//DYVGsDG7RKL/vEw==}
    engines: {node: '>=0.10.0'}

  resolve.exports@2.0.3:
    resolution: {integrity: sha512-OcXjMsGdhL4XnbShKpAcSqPMzQoYkYyhbEaeSko47MjRP9NfEQMhZkXL1DoFlt9LWQn4YttrdnV6X2OiyzBi+A==}
    engines: {node: '>=10'}

  semver@7.8.5:
    resolution: {integrity: sha512-Y7/KDsb8LjooZpwaqGyulO6DQlksgCncchHGk+sZIY4SBvUocMBEFH5Ur1fI4dV+Jvl0w6cjvucaIi40puRioA==}
    engines: {node: '>=10'}
    hasBin: true

  yaml@2.9.1:
    resolution: {integrity: sha512-3NxN8+78OdzbT7C/WjGsyfPAtJaN3FNDsWxv7Y7mcDsT/oOmgW8BpyQQFFBnvZE3j9Y2Sdz1ULFLezL7Eb2yFw==}
    engines: {node: '>= 14.6'}
    hasBin: true

  zod@4.5.4:
    resolution: {integrity: sha512-sC95tT5iHHH9gtpj6A81kh+NEaRAUFN+qlUPDUbRfOMvNf5QCBqsb3WgvnpVtK5Y+4UfA6KqufotuTvMGiTlsA==}

  zustand@5.0.15:
    resolution: {integrity: sha512-MpSEjRiBkA9crSYeOUH32rJC7SVqAbm0Fqcqge/bUi2PPoLcBWKOsG+C8mevmpr8TwXHBVkChbbJiyvkE+i/3A==}
    engines: {node: '>=12.20.0'}
    peerDependencies:
      '@types/react': '>=18.0.0'
      immer: '>=9.0.6'
      react: '>=18.0.0'
      use-sync-external-store: '>=1.2.0'
    peerDependenciesMeta:
      '@types/react':
        optional: true
      immer:
        optional: true
      react:
        optional: true
      use-sync-external-store:
        optional: true

snapshots:

  '@deepseek-ai/cordis-plugin-group@1.0.4(@deepseek-ai/cordis-plugin-loader@1.0.5(@deepseek-ai/cordis@4.0.4)(node-addon-require-builtin@0.1.6))(@deepseek-ai/cordis@4.0.4)':
    dependencies:
      '@deepseek-ai/cordis': 4.0.4(@deepseek-ai/cordis-plugin-include@1.0.9)(@deepseek-ai/cordis-plugin-loader@1.0.5(@deepseek-ai/cordis@4.0.4)(node-addon-require-builtin@0.1.6))
      '@deepseek-ai/cordis-plugin-loader': 1.0.5(@deepseek-ai/cordis@4.0.4)(node-addon-require-builtin@0.1.6)

  '@deepseek-ai/cordis-plugin-include@1.0.9(@deepseek-ai/cordis-plugin-loader@1.0.5(@deepseek-ai/cordis@4.0.4)(node-addon-require-builtin@0.1.6))(@deepseek-ai/cordis@4.0.4)':
    dependencies:
      '@deepseek-ai/cordis': 4.0.4(@deepseek-ai/cordis-plugin-include@1.0.9)(@deepseek-ai/cordis-plugin-loader@1.0.5(@deepseek-ai/cordis@4.0.4)(node-addon-require-builtin@0.1.6))
      '@deepseek-ai/cordis-plugin-loader': 1.0.5(@deepseek-ai/cordis@4.0.4)(node-addon-require-builtin@0.1.6)
      '@deepseek-ai/cosmokit': 1.8.5
      js-yaml: 4.3.2

  '@deepseek-ai/cordis-plugin-loader@1.0.5(@deepseek-ai/cordis@4.0.4)(node-addon-require-builtin@0.1.6)':
    dependencies:
      '@deepseek-ai/cordis': 4.0.4(@deepseek-ai/cordis-plugin-include@1.0.9)(@deepseek-ai/cordis-plugin-loader@1.0.5(@deepseek-ai/cordis@4.0.4)(node-addon-require-builtin@0.1.6))
      '@deepseek-ai/cosmokit': 1.8.5
      '@deepseek-ai/schemastery': 3.18.4
    optionalDependencies:
      node-addon-require-builtin: 0.1.6

  '@deepseek-ai/cordis@4.0.4(@deepseek-ai/cordis-plugin-include@1.0.9)(@deepseek-ai/cordis-plugin-loader@1.0.5(@deepseek-ai/cordis@4.0.4)(node-addon-require-builtin@0.1.6))':
    dependencies:
      '@deepseek-ai/cosmokit': 1.8.5
      '@standard-schema/spec': 1.1.0
    optionalDependencies:
      '@deepseek-ai/cordis-plugin-include': 1.0.9(@deepseek-ai/cordis-plugin-loader@1.0.5(@deepseek-ai/cordis@4.0.4)(node-addon-require-builtin@0.1.6))(@deepseek-ai/cordis@4.0.4)
      '@deepseek-ai/cordis-plugin-loader': 1.0.5(@deepseek-ai/cordis@4.0.4)(node-addon-require-builtin@0.1.6)

  '@deepseek-ai/cosmokit@1.8.5': {}

  '@deepseek-ai/dsh-api-remotes@0.2.0-rc.2(@deepseek-ai/cordis@4.0.4)(@deepseek-ai/dsh-scope@0.2.0-rc.2(@deepseek-ai/cordis@4.0.4)(@deepseek-ai/dsh-invariants@0.2.0-rc.2(@deepseek-ai/cordis@4.0.4)))':
    dependencies:
      '@deepseek-ai/cordis': 4.0.4(@deepseek-ai/cordis-plugin-include@1.0.9)(@deepseek-ai/cordis-plugin-loader@1.0.5(@deepseek-ai/cordis@4.0.4)(node-addon-require-builtin@0.1.6))
      '@deepseek-ai/dsh-deque': 0.2.0-rc.2(@deepseek-ai/cordis@4.0.4)
      '@deepseek-ai/dsh-scope': 0.2.0-rc.2(@deepseek-ai/cordis@4.0.4)(@deepseek-ai/dsh-invariants@0.2.0-rc.2(@deepseek-ai/cordis@4.0.4))
      '@deepseek-ai/dsh-session': 0.2.0-rc.2(@deepseek-ai/cordis@4.0.4)(@deepseek-ai/dsh-scope@0.2.0-rc.2(@deepseek-ai/cordis@4.0.4)(@deepseek-ai/dsh-invariants@0.2.0-rc.2(@deepseek-ai/cordis@4.0.4)))
      '@deepseek-ai/dsh-util-values': 0.2.0-rc.2(@deepseek-ai/cordis@4.0.4)

  '@deepseek-ai/dsh-app-boot@0.2.0-rc.2(@deepseek-ai/cordis-plugin-group@1.0.4(@deepseek-ai/cordis-plugin-loader@1.0.5(@deepseek-ai/cordis@4.0.4)(node-addon-require-builtin@0.1.6))(@deepseek-ai/cordis@4.0.4))(@deepseek-ai/cordis-plugin-include@1.0.9)(@deepseek-ai/cordis-plugin-loader@1.0.5(@deepseek-ai/cordis@4.0.4)(node-addon-require-builtin@0.1.6))(@deepseek-ai/cordis@4.0.4)(@deepseek-ai/dsh-home-paths@0.2.0-rc.2(@deepseek-ai/cordis@4.0.4))(@deepseek-ai/dsh-launch-environment@0.2.0-rc.2(@deepseek-ai/cordis@4.0.4))(@deepseek-ai/dsh-system-prompt@0.2.0-rc.2(@deepseek-ai/cordis@4.0.4)(@deepseek-ai/dsh-invariants@0.2.0-rc.2(@deepseek-ai/cordis@4.0.4))(@deepseek-ai/dsh-llm@0.2.0-rc.2(@deepseek-ai/cordis@4.0.4))(@deepseek-ai/dsh-scope@0.2.0-rc.2(@deepseek-ai/cordis@4.0.4)(@deepseek-ai/dsh-invariants@0.2.0-rc.2(@deepseek-ai/cordis@4.0.4))))':
    dependencies:
      '@deepseek-ai/cordis': 4.0.4(@deepseek-ai/cordis-plugin-include@1.0.9)(@deepseek-ai/cordis-plugin-loader@1.0.5(@deepseek-ai/cordis@4.0.4)(node-addon-require-builtin@0.1.6))
      '@deepseek-ai/cordis-plugin-group': 1.0.4(@deepseek-ai/cordis-plugin-loader@1.0.5(@deepseek-ai/cordis@4.0.4)(node-addon-require-builtin@0.1.6))(@deepseek-ai/cordis@4.0.4)
      '@deepseek-ai/cordis-plugin-include': 1.0.9(@deepseek-ai/cordis-plugin-loader@1.0.5(@deepseek-ai/cordis@4.0.4)(node-addon-require-builtin@0.1.6))(@deepseek-ai/cordis@4.0.4)
      '@deepseek-ai/cordis-plugin-loader': 1.0.5(@deepseek-ai/cordis@4.0.4)(node-addon-require-builtin@0.1.6)
      '@deepseek-ai/dsh-atomic-write': 0.2.0-rc.2(@deepseek-ai/cordis@4.0.4)
      '@deepseek-ai/dsh-home-paths': 0.2.0-rc.2(@deepseek-ai/cordis@4.0.4)
      '@deepseek-ai/dsh-launch-environment': 0.2.0-rc.2(@deepseek-ai/cordis@4.0.4)
      '@deepseek-ai/dsh-package-manifest': 0.2.0-rc.2(@deepseek-ai/cordis@4.0.4)
      '@deepseek-ai/dsh-system-prompt': 0.2.0-rc.2(@deepseek-ai/cordis@4.0.4)(@deepseek-ai/dsh-invariants@0.2.0-rc.2(@deepseek-ai/cordis@4.0.4))(@deepseek-ai/dsh-llm@0.2.0-rc.2(@deepseek-ai/cordis@4.0.4))(@deepseek-ai/dsh-scope@0.2.0-rc.2(@deepseek-ai/cordis@4.0.4)(@deepseek-ai/dsh-invariants@0.2.0-rc.2(@deepseek-ai/cordis@4.0.4)))
      '@eslint-community/regexpp': 4.12.2
      ajv: 8.20.0
      js-yaml: 4.3.2
      node-addon-require-builtin: 0.1.6
      resolve.exports: 2.0.3
      semver: 7.8.5

  '@deepseek-ai/dsh-atomic-write@0.2.0-rc.2(@deepseek-ai/cordis@4.0.4)':
    dependencies:
      '@deepseek-ai/cordis': 4.0.4(@deepseek-ai/cordis-plugin-include@1.0.9)(@deepseek-ai/cordis-plugin-loader@1.0.5(@deepseek-ai/cordis@4.0.4)(node-addon-require-builtin@0.1.6))

  '@deepseek-ai/dsh-brand@0.2.0-rc.2(@deepseek-ai/cordis@4.0.4)':
    dependencies:
      '@deepseek-ai/cordis': 4.0.4(@deepseek-ai/cordis-plugin-include@1.0.9)(@deepseek-ai/cordis-plugin-loader@1.0.5(@deepseek-ai/cordis@4.0.4)(node-addon-require-builtin@0.1.6))

  '@deepseek-ai/dsh-client-locale@0.2.0-rc.2(@deepseek-ai/cordis@4.0.4)':
    dependencies:
      '@deepseek-ai/cordis': 4.0.4(@deepseek-ai/cordis-plugin-include@1.0.9)(@deepseek-ai/cordis-plugin-loader@1.0.5(@deepseek-ai/cordis@4.0.4)(node-addon-require-builtin@0.1.6))
      '@deepseek-ai/schemastery': 3.18.4

  '@deepseek-ai/dsh-client-ui-plugin-manager@0.2.0-rc.2(@deepseek-ai/cordis@4.0.4)':
    dependencies:
      '@deepseek-ai/cordis': 4.0.4(@deepseek-ai/cordis-plugin-include@1.0.9)(@deepseek-ai/cordis-plugin-loader@1.0.5(@deepseek-ai/cordis@4.0.4)(node-addon-require-builtin@0.1.6))
      '@deepseek-ai/dsh-timeout': 0.2.0-rc.2(@deepseek-ai/cordis@4.0.4)
      '@deepseek-ai/dsh-typert-protocol': 0.2.0-rc.2(@deepseek-ai/cordis@4.0.4)
      '@deepseek-ai/schemastery': 3.18.4
      zod: 4.5.4

  '@deepseek-ai/dsh-client-ui-primitives@0.2.0-rc.2(@deepseek-ai/cordis@4.0.4)':
    dependencies:
      '@deepseek-ai/cordis': 4.0.4(@deepseek-ai/cordis-plugin-include@1.0.9)(@deepseek-ai/cordis-plugin-loader@1.0.5(@deepseek-ai/cordis@4.0.4)(node-addon-require-builtin@0.1.6))

  '@deepseek-ai/dsh-client-ui-settings@0.2.0-rc.2(@deepseek-ai/cordis@4.0.4)':
    dependencies:
      '@deepseek-ai/cordis': 4.0.4(@deepseek-ai/cordis-plugin-include@1.0.9)(@deepseek-ai/cordis-plugin-loader@1.0.5(@deepseek-ai/cordis@4.0.4)(node-addon-require-builtin@0.1.6))
      '@deepseek-ai/schemastery': 3.18.4

  '@deepseek-ai/dsh-client-ui-slots@0.2.0-rc.2(@deepseek-ai/cordis@4.0.4)':
    dependencies:
      '@deepseek-ai/cordis': 4.0.4(@deepseek-ai/cordis-plugin-include@1.0.9)(@deepseek-ai/cordis-plugin-loader@1.0.5(@deepseek-ai/cordis@4.0.4)(node-addon-require-builtin@0.1.6))

  '@deepseek-ai/dsh-config-editor@0.2.0-rc.2(fe500fc28be6252e672c250db0bd2a23)':
    dependencies:
      '@deepseek-ai/cordis': 4.0.4(@deepseek-ai/cordis-plugin-include@1.0.9)(@deepseek-ai/cordis-plugin-loader@1.0.5(@deepseek-ai/cordis@4.0.4)(node-addon-require-builtin@0.1.6))
      '@deepseek-ai/cordis-plugin-include': 1.0.9(@deepseek-ai/cordis-plugin-loader@1.0.5(@deepseek-ai/cordis@4.0.4)(node-addon-require-builtin@0.1.6))(@deepseek-ai/cordis@4.0.4)
      '@deepseek-ai/cordis-plugin-loader': 1.0.5(@deepseek-ai/cordis@4.0.4)(node-addon-require-builtin@0.1.6)
      '@deepseek-ai/dsh-app-boot': 0.2.0-rc.2(@deepseek-ai/cordis-plugin-group@1.0.4(@deepseek-ai/cordis-plugin-loader@1.0.5(@deepseek-ai/cordis@4.0.4)(node-addon-require-builtin@0.1.6))(@deepseek-ai/cordis@4.0.4))(@deepseek-ai/cordis-plugin-include@1.0.9)(@deepseek-ai/cordis-plugin-loader@1.0.5(@deepseek-ai/cordis@4.0.4)(node-addon-require-builtin@0.1.6))(@deepseek-ai/cordis@4.0.4)(@deepseek-ai/dsh-home-paths@0.2.0-rc.2(@deepseek-ai/cordis@4.0.4))(@deepseek-ai/dsh-launch-environment@0.2.0-rc.2(@deepseek-ai/cordis@4.0.4))(@deepseek-ai/dsh-system-prompt@0.2.0-rc.2(@deepseek-ai/cordis@4.0.4)(@deepseek-ai/dsh-invariants@0.2.0-rc.2(@deepseek-ai/cordis@4.0.4))(@deepseek-ai/dsh-llm@0.2.0-rc.2(@deepseek-ai/cordis@4.0.4))(@deepseek-ai/dsh-scope@0.2.0-rc.2(@deepseek-ai/cordis@4.0.4)(@deepseek-ai/dsh-invariants@0.2.0-rc.2(@deepseek-ai/cordis@4.0.4))))
      '@deepseek-ai/dsh-atomic-write': 0.2.0-rc.2(@deepseek-ai/cordis@4.0.4)
      js-yaml: 4.3.2
      yaml: 2.9.1

  '@deepseek-ai/dsh-credentials@0.2.0-rc.2(@deepseek-ai/cordis@4.0.4)(@deepseek-ai/dsh-invariants@0.2.0-rc.2(@deepseek-ai/cordis@4.0.4))':
    dependencies:
      '@deepseek-ai/cordis': 4.0.4(@deepseek-ai/cordis-plugin-include@1.0.9)(@deepseek-ai/cordis-plugin-loader@1.0.5(@deepseek-ai/cordis@4.0.4)(node-addon-require-builtin@0.1.6))
      '@deepseek-ai/dsh-brand': 0.2.0-rc.2(@deepseek-ai/cordis@4.0.4)
      '@deepseek-ai/dsh-invariants': 0.2.0-rc.2(@deepseek-ai/cordis@4.0.4)

  '@deepseek-ai/dsh-deque@0.2.0-rc.2(@deepseek-ai/cordis@4.0.4)':
    dependencies:
      '@deepseek-ai/cordis': 4.0.4(@deepseek-ai/cordis-plugin-include@1.0.9)(@deepseek-ai/cordis-plugin-loader@1.0.5(@deepseek-ai/cordis@4.0.4)(node-addon-require-builtin@0.1.6))

  '@deepseek-ai/dsh-home-paths@0.2.0-rc.2(@deepseek-ai/cordis@4.0.4)':
    dependencies:
      '@deepseek-ai/cordis': 4.0.4(@deepseek-ai/cordis-plugin-include@1.0.9)(@deepseek-ai/cordis-plugin-loader@1.0.5(@deepseek-ai/cordis@4.0.4)(node-addon-require-builtin@0.1.6))

  '@deepseek-ai/dsh-invariants@0.2.0-rc.2(@deepseek-ai/cordis@4.0.4)':
    dependencies:
      '@deepseek-ai/cordis': 4.0.4(@deepseek-ai/cordis-plugin-include@1.0.9)(@deepseek-ai/cordis-plugin-loader@1.0.5(@deepseek-ai/cordis@4.0.4)(node-addon-require-builtin@0.1.6))
      '@deepseek-ai/schemastery': 3.18.4

  '@deepseek-ai/dsh-launch-environment@0.2.0-rc.2(@deepseek-ai/cordis@4.0.4)':
    dependencies:
      '@deepseek-ai/cordis': 4.0.4(@deepseek-ai/cordis-plugin-include@1.0.9)(@deepseek-ai/cordis-plugin-loader@1.0.5(@deepseek-ai/cordis@4.0.4)(node-addon-require-builtin@0.1.6))

  '@deepseek-ai/dsh-llm@0.2.0-rc.2(@deepseek-ai/cordis@4.0.4)':
    dependencies:
      '@deepseek-ai/cordis': 4.0.4(@deepseek-ai/cordis-plugin-include@1.0.9)(@deepseek-ai/cordis-plugin-loader@1.0.5(@deepseek-ai/cordis@4.0.4)(node-addon-require-builtin@0.1.6))
      '@deepseek-ai/dsh-brand': 0.2.0-rc.2(@deepseek-ai/cordis@4.0.4)
      '@deepseek-ai/dsh-timeout': 0.2.0-rc.2(@deepseek-ai/cordis@4.0.4)
      '@deepseek-ai/dsh-typert-protocol': 0.2.0-rc.2(@deepseek-ai/cordis@4.0.4)
      '@deepseek-ai/dsh-util-crypto': 0.2.0-rc.2(@deepseek-ai/cordis@4.0.4)
      '@deepseek-ai/dsh-util-values': 0.2.0-rc.2(@deepseek-ai/cordis@4.0.4)
      '@deepseek-ai/schemastery': 3.18.4
      zod: 4.5.4

  '@deepseek-ai/dsh-package-manifest@0.2.0-rc.2(@deepseek-ai/cordis@4.0.4)':
    dependencies:
      '@deepseek-ai/cordis': 4.0.4(@deepseek-ai/cordis-plugin-include@1.0.9)(@deepseek-ai/cordis-plugin-loader@1.0.5(@deepseek-ai/cordis@4.0.4)(node-addon-require-builtin@0.1.6))

  '@deepseek-ai/dsh-scope@0.2.0-rc.2(@deepseek-ai/cordis@4.0.4)(@deepseek-ai/dsh-invariants@0.2.0-rc.2(@deepseek-ai/cordis@4.0.4))':
    dependencies:
      '@deepseek-ai/cordis': 4.0.4(@deepseek-ai/cordis-plugin-include@1.0.9)(@deepseek-ai/cordis-plugin-loader@1.0.5(@deepseek-ai/cordis@4.0.4)(node-addon-require-builtin@0.1.6))
      '@deepseek-ai/dsh-invariants': 0.2.0-rc.2(@deepseek-ai/cordis@4.0.4)

  '@deepseek-ai/dsh-session@0.2.0-rc.2(@deepseek-ai/cordis@4.0.4)(@deepseek-ai/dsh-scope@0.2.0-rc.2(@deepseek-ai/cordis@4.0.4)(@deepseek-ai/dsh-invariants@0.2.0-rc.2(@deepseek-ai/cordis@4.0.4)))':
    dependencies:
      '@deepseek-ai/cordis': 4.0.4(@deepseek-ai/cordis-plugin-include@1.0.9)(@deepseek-ai/cordis-plugin-loader@1.0.5(@deepseek-ai/cordis@4.0.4)(node-addon-require-builtin@0.1.6))
      '@deepseek-ai/dsh-brand': 0.2.0-rc.2(@deepseek-ai/cordis@4.0.4)
      '@deepseek-ai/dsh-llm': 0.2.0-rc.2(@deepseek-ai/cordis@4.0.4)
      '@deepseek-ai/dsh-scope': 0.2.0-rc.2(@deepseek-ai/cordis@4.0.4)(@deepseek-ai/dsh-invariants@0.2.0-rc.2(@deepseek-ai/cordis@4.0.4))
      '@deepseek-ai/dsh-util-values': 0.2.0-rc.2(@deepseek-ai/cordis@4.0.4)

  '@deepseek-ai/dsh-settings@0.2.0-rc.2(8df84a0faeafb68bbfef3004e049f730)':
    dependencies:
      '@deepseek-ai/cordis': 4.0.4(@deepseek-ai/cordis-plugin-include@1.0.9)(@deepseek-ai/cordis-plugin-loader@1.0.5(@deepseek-ai/cordis@4.0.4)(node-addon-require-builtin@0.1.6))
      '@deepseek-ai/cordis-plugin-loader': 1.0.5(@deepseek-ai/cordis@4.0.4)(node-addon-require-builtin@0.1.6)
      '@deepseek-ai/cosmokit': 1.8.5
      '@deepseek-ai/dsh-brand': 0.2.0-rc.2(@deepseek-ai/cordis@4.0.4)
      '@deepseek-ai/dsh-config-editor': 0.2.0-rc.2(fe500fc28be6252e672c250db0bd2a23)
      '@deepseek-ai/dsh-invariants': 0.2.0-rc.2(@deepseek-ai/cordis@4.0.4)
      '@deepseek-ai/dsh-session': 0.2.0-rc.2(@deepseek-ai/cordis@4.0.4)(@deepseek-ai/dsh-scope@0.2.0-rc.2(@deepseek-ai/cordis@4.0.4)(@deepseek-ai/dsh-invariants@0.2.0-rc.2(@deepseek-ai/cordis@4.0.4)))
      '@deepseek-ai/dsh-util-values': 0.2.0-rc.2(@deepseek-ai/cordis@4.0.4)
      '@deepseek-ai/schemastery': 3.18.4
      yaml: 2.9.1
    transitivePeerDependencies:
      - '@deepseek-ai/cordis-plugin-include'
      - '@deepseek-ai/dsh-app-boot'
      - '@deepseek-ai/dsh-hmr'
      - node-addon-require-builtin

  '@deepseek-ai/dsh-system-prompt@0.2.0-rc.2(@deepseek-ai/cordis@4.0.4)(@deepseek-ai/dsh-invariants@0.2.0-rc.2(@deepseek-ai/cordis@4.0.4))(@deepseek-ai/dsh-llm@0.2.0-rc.2(@deepseek-ai/cordis@4.0.4))(@deepseek-ai/dsh-scope@0.2.0-rc.2(@deepseek-ai/cordis@4.0.4)(@deepseek-ai/dsh-invariants@0.2.0-rc.2(@deepseek-ai/cordis@4.0.4)))':
    dependencies:
      '@deepseek-ai/cordis': 4.0.4(@deepseek-ai/cordis-plugin-include@1.0.9)(@deepseek-ai/cordis-plugin-loader@1.0.5(@deepseek-ai/cordis@4.0.4)(node-addon-require-builtin@0.1.6))
      '@deepseek-ai/dsh-invariants': 0.2.0-rc.2(@deepseek-ai/cordis@4.0.4)
      '@deepseek-ai/dsh-llm': 0.2.0-rc.2(@deepseek-ai/cordis@4.0.4)
      '@deepseek-ai/dsh-scope': 0.2.0-rc.2(@deepseek-ai/cordis@4.0.4)(@deepseek-ai/dsh-invariants@0.2.0-rc.2(@deepseek-ai/cordis@4.0.4))
      '@deepseek-ai/schemastery': 3.18.4

  '@deepseek-ai/dsh-timeout@0.2.0-rc.2(@deepseek-ai/cordis@4.0.4)':
    dependencies:
      '@deepseek-ai/cordis': 4.0.4(@deepseek-ai/cordis-plugin-include@1.0.9)(@deepseek-ai/cordis-plugin-loader@1.0.5(@deepseek-ai/cordis@4.0.4)(node-addon-require-builtin@0.1.6))

  '@deepseek-ai/dsh-typert-protocol@0.2.0-rc.2(@deepseek-ai/cordis@4.0.4)':
    dependencies:
      '@deepseek-ai/cordis': 4.0.4(@deepseek-ai/cordis-plugin-include@1.0.9)(@deepseek-ai/cordis-plugin-loader@1.0.5(@deepseek-ai/cordis@4.0.4)(node-addon-require-builtin@0.1.6))
      '@deepseek-ai/dsh-brand': 0.2.0-rc.2(@deepseek-ai/cordis@4.0.4)

  '@deepseek-ai/dsh-util-crypto@0.2.0-rc.2(@deepseek-ai/cordis@4.0.4)':
    dependencies:
      '@deepseek-ai/cordis': 4.0.4(@deepseek-ai/cordis-plugin-include@1.0.9)(@deepseek-ai/cordis-plugin-loader@1.0.5(@deepseek-ai/cordis@4.0.4)(node-addon-require-builtin@0.1.6))

  '@deepseek-ai/dsh-util-values@0.2.0-rc.2(@deepseek-ai/cordis@4.0.4)':
    dependencies:
      '@deepseek-ai/cordis': 4.0.4(@deepseek-ai/cordis-plugin-include@1.0.9)(@deepseek-ai/cordis-plugin-loader@1.0.5(@deepseek-ai/cordis@4.0.4)(node-addon-require-builtin@0.1.6))

  '@deepseek-ai/dsh-web@0.2.0-rc.2(@deepseek-ai/cordis@4.0.4)(@deepseek-ai/dsh-llm@0.2.0-rc.2(@deepseek-ai/cordis@4.0.4))':
    dependencies:
      '@deepseek-ai/cordis': 4.0.4(@deepseek-ai/cordis-plugin-include@1.0.9)(@deepseek-ai/cordis-plugin-loader@1.0.5(@deepseek-ai/cordis@4.0.4)(node-addon-require-builtin@0.1.6))
      '@deepseek-ai/dsh-llm': 0.2.0-rc.2(@deepseek-ai/cordis@4.0.4)
      '@deepseek-ai/schemastery': 3.18.4

  '@deepseek-ai/schemastery@3.18.4':
    dependencies:
      '@deepseek-ai/cosmokit': 1.8.5
      '@standard-schema/spec': 1.1.0

  '@eslint-community/regexpp@4.12.2': {}

  '@standard-schema/spec@1.1.0': {}

  ajv@8.20.0:
    dependencies:
      fast-deep-equal: 3.1.3
      fast-uri: 3.1.8
      json-schema-traverse: 1.0.0
      require-from-string: 2.0.2

  argparse@2.0.1: {}

  fast-deep-equal@3.1.3: {}

  fast-uri@3.1.8: {}

  immer@10.2.0: {}

  js-tokens@4.0.0: {}

  js-yaml@4.3.2:
    dependencies:
      argparse: 2.0.1

  json-schema-traverse@1.0.0: {}

  loose-envify@1.4.0:
    dependencies:
      js-tokens: 4.0.0

  node-addon-native-custom-loader@0.1.6: {}

  node-addon-require-builtin-darwin-arm64@0.1.6:
    dependencies:
      node-addon-native-custom-loader: 0.1.6
    optional: true

  node-addon-require-builtin-darwin-x64@0.1.6:
    dependencies:
      node-addon-native-custom-loader: 0.1.6
    optional: true

  node-addon-require-builtin-linux-arm64-gnu@0.1.6:
    dependencies:
      node-addon-native-custom-loader: 0.1.6
    optional: true

  node-addon-require-builtin-linux-x64-gnu@0.1.6:
    dependencies:
      node-addon-native-custom-loader: 0.1.6
    optional: true

  node-addon-require-builtin-win32-arm64-msvc@0.1.6:
    dependencies:
      node-addon-native-custom-loader: 0.1.6
    optional: true

  node-addon-require-builtin-win32-ia32-msvc@0.1.6:
    dependencies:
      node-addon-native-custom-loader: 0.1.6
    optional: true

  node-addon-require-builtin-win32-x64-msvc@0.1.6:
    dependencies:
      node-addon-native-custom-loader: 0.1.6
    optional: true

  node-addon-require-builtin@0.1.6:
    dependencies:
      node-addon-native-custom-loader: 0.1.6
    optionalDependencies:
      node-addon-require-builtin-darwin-arm64: 0.1.6
      node-addon-require-builtin-darwin-x64: 0.1.6
      node-addon-require-builtin-linux-arm64-gnu: 0.1.6
      node-addon-require-builtin-linux-x64-gnu: 0.1.6
      node-addon-require-builtin-win32-arm64-msvc: 0.1.6
      node-addon-require-builtin-win32-ia32-msvc: 0.1.6
      node-addon-require-builtin-win32-x64-msvc: 0.1.6

  react@18.3.1:
    dependencies:
      loose-envify: 1.4.0

  require-from-string@2.0.2: {}

  resolve.exports@2.0.3: {}

  semver@7.8.5: {}

  yaml@2.9.1: {}

  zod@4.5.4: {}

  zustand@5.0.15(immer@10.2.0)(react@18.3.1):
    optionalDependencies:
      immer: 10.2.0
      react: 18.3.1
